// !$*UTF8*$!
{
	archiveVersion = 1;
	classes = {
	};
	objectVersion = 55;
	objects = {

/* Begin PBXBuildFile section */
		45259CB1281AEC890022DD63 /* Klyentele.xcdatamodeld in Sources */ = {isa = PBXBuildFile; fileRef = 45259CAF281AEC890022DD63 /* Klyentele.xcdatamodeld */; };
		459317C22818AEE200F8BD67 /* AppDelegate.swift in Sources */ = {isa = PBXBuildFile; fileRef = 459317C12818AEE200F8BD67 /* AppDelegate.swift */; };
		459317C42818AEE200F8BD67 /* ViewController.swift in Sources */ = {isa = PBXBuildFile; fileRef = 459317C32818AEE200F8BD67 /* ViewController.swift */; };
		459317C92818AEE300F8BD67 /* Assets.xcassets in Resources */ = {isa = PBXBuildFile; fileRef = 459317C82818AEE300F8BD67 /* Assets.xcassets */; };
		459317CC2818AEE300F8BD67 /* Main.storyboard in Resources */ = {isa = PBXBuildFile; fileRef = 459317CA2818AEE300F8BD67 /* Main.storyboard */; };
/* End PBXBuildFile section */

/* Begin PBXFileReference section */
		45259CB0281AEC890022DD63 /* Klyentele.xcdatamodel */ = {isa = PBXFileReference; lastKnownFileType = wrapper.xcdatamodel; path = Klyentele.xcdatamodel; sourceTree = "<group>"; };
		459317BE2818AEE200F8BD67 /* Klyentele.app */ = {isa = PBXFileReference; explicitFileType = wrapper.application; includeInIndex = 0; path = Klyentele.app; sourceTree = BUILT_PRODUCTS_DIR; };
		459317C12818AEE200F8BD67 /* AppDelegate.swift */ = {isa = PBXFileReference; lastKnownFileType = sourcecode.swift; path = AppDelegate.swift; sourceTree = "<group>"; };
		459317C32818AEE200F8BD67 /* ViewController.swift */ = {isa = PBXFileReference; lastKnownFileType = sourcecode.swift; path = ViewController.swift; sourceTree = "<group>"; };
		459317C82818AEE300F8BD67 /* Assets.xcassets */ = {isa = PBXFileReference; lastKnownFileType = folder.assetcatalog; path = Assets.xcassets; sourceTree = "<group>"; };
		459317CB2818AEE300F8BD67 /* Base */ = {isa = PBXFileReference; lastKnownFileType = file.storyboard; name = Base; path = Base.lproj/Main.storyboard; sourceTree = "<group>"; };
		459317CD2818AEE300F8BD67 /* Klyentele.entitlements */ = {isa = PBXFileReference; lastKnownFileType = text.plist.entitlements; path = Klyentele.entitlements; sourceTree = "<group>"; };
/* End PBXFileReference section */

/* Begin PBXFrameworksBuildPhase section */
		459317BB2818AEE200F8BD67 /* Frameworks */ = {
			isa = PBXFrameworksBuildPhase;
			buildActionMask = 2147483647;
			files = (
			);
			runOnlyForDeploymentPostprocessing = 0;
		};
/* End PBXFrameworksBuildPhase section */

/* Begin PBXGroup section */
		459317B52818AEE200F8BD67 = {
			isa = PBXGroup;
			children = (
				459317C02818AEE200F8BD67 /* Klyentele */,
				459317BF2818AEE200F8BD67 /* Products */,
			);
			sourceTree = "<group>";
		};
		459317BF2818AEE200F8BD67 /* Products */ = {
			isa = PBXGroup;
			children = (
				459317BE2818AEE200F8BD67 /* Klyentele.app */,
			);
			name = Products;
			sourceTree = "<group>";
		};
		459317C02818AEE200F8BD67 /* Klyentele */ = {
			isa = PBXGroup;
			children = (
				459317D928195C9B00F8BD67 /* CoreLogic */,
				459317C12818AEE200F8BD67 /* AppDelegate.swift */,
				459317C32818AEE200F8BD67 /* ViewController.swift */,
				459317C82818AEE300F8BD67 /* Assets.xcassets */,
				459317CA2818AEE300F8BD67 /* Main.storyboard */,
				459317CD2818AEE300F8BD67 /* Klyentele.entitlements */,
				45259CAF281AEC890022DD63 /* Klyentele.xcdatamodeld */,
			);
			path = Klyentele;
			sourceTree = "<group>";
		};
		459317D928195C9B00F8BD67 /* CoreLogic */ = {
			isa = PBXGroup;
			children = (
			);
			path = CoreLogic;
			sourceTree = "<group>";
		};
/* End PBXGroup section */

/* Begin PBXNativeTarget section */
		459317BD2818AEE200F8BD67 /* Klyentele */ = {
			isa = PBXNativeTarget;
			buildConfigurationList = 459317D02818AEE300F8BD67 /* Build configuration list for PBXNativeTarget "Klyentele" */;
			buildPhases = (
				459317BA2818AEE200F8BD67 /* Sources */,
				459317BB2818AEE200F8BD67 /* Frameworks */,
				459317BC2818AEE200F8BD67 /* Resources */,
			);
			buildRules = (
			);
			dependencies = (
			);
			name = Klyentele;
			productName = Klyentele;
			productReference = 459317BE2818AEE200F8BD67 /* Klyentele.app */;
			productType = "com.apple.product-type.application";
		};
/* End PBXNativeTarget section */

/* Begin PBXProject section */
		459317B62818AEE200F8BD67 /* Project object */ = {
			isa = PBXProject;
			attributes = {
				BuildIndependentTargetsInParallel = 1;
				LastSwiftUpdateCheck = 1330;
				LastUpgradeCheck = 1330;
				TargetAttributes = {
					459317BD2818AEE200F8BD67 = {
						CreatedOnToolsVersion = 13.3.1;
					};
				};
			};
			buildConfigurationList = 459317B92818AEE200F8BD67 /* Build configuration list for PBXProject "Klyentele" */;
			compatibilityVersion = "Xcode 13.0";
			developmentRegion = en;
			hasScannedForEncodings = 0;
			knownRegions = (
				en,
				Base,
			);
			mainGroup = 459317B52818AEE200F8BD67;
			productRefGroup = 459317BF2818AEE200F8BD67 /* Products */;
			projectDirPath = "";
			projectRoot = "";
			targets = (
				459317BD2818AEE200F8BD67 /* Klyentele */,
			);
		};
/* End PBXProject section */

/* Begin PBXResourcesBuildPhase section */
		459317BC2818AEE200F8BD67 /* Resources */ = {
			isa = PBXResourcesBuildPhase;
			buildActionMask = 2147483647;
			files = (
				459317C92818AEE300F8BD67 /* Assets.xcassets in Resources */,
				459317CC2818AEE300F8BD67 /* Main.storyboard in Resources */,
			);
			runOnlyForDeploymentPostprocessing = 0;
		};
/* End PBXResourcesBuildPhase section */

/* Begin PBXSourcesBuildPhase section */
		459317BA2818AEE200F8BD67 /* Sources */ = {
			isa = PBXSourcesBuildPhase;
			buildActionMask = 2147483647;
			files = (
				459317C42818AEE200F8BD67 /* ViewController.swift in Sources */,
				45259CB1281AEC890022DD63 /* Klyentele.xcdatamodeld in Sources */,
				459317C22818AEE200F8BD67 /* AppDelegate.swift in Sources */,
			);
			runOnlyForDeploymentPostprocessing = 0;
		};
/* End PBXSourcesBuildPhase section */

/* Begin PBXVariantGroup section */
		459317CA2818AEE300F8BD67 /* Main.storyboard */ = {
			isa = PBXVariantGroup;
			children = (
				459317CB2818AEE300F8BD67 /* Base */,
			);
			name = Main.storyboard;
			sourceTree = "<group>";
		};
/* End PBXVariantGroup section */

/* Begin XCBuildConfiguration section */
		459317CE2818AEE300F8BD67 /* Debug */ = {
			isa = XCBuildConfiguration;
			buildSettings = {
				ALWAYS_SEARCH_USER_PATHS = NO;
				CLANG_ANALYZER_NONNULL = YES;
				CLANG_ANALYZER_NUMBER_OBJECT_CONVERSION = YES_AGGRESSIVE;
				CLANG_CXX_LANGUAGE_STANDARD = "gnu++17";
				CLANG_ENABLE_MODULES = YES;
				CLANG_ENABLE_OBJC_ARC = YES;
				CLANG_ENABLE_OBJC_WEAK = YES;
				CLANG_WARN_BLOCK_CAPTURE_AUTORELEASING = YES;
				CLANG_WARN_BOOL_CONVERSION = YES;
				CLANG_WARN_COMMA = YES;
				CLANG_WARN_CONSTANT_CONVERSION = YES;
				CLANG_WARN_DEPRECATED_OBJC_IMPLEMENTATIONS = YES;
				CLANG_WARN_DIRECT_OBJC_ISA_USAGE = YES_ERROR;
				CLANG_WARN_DOCUMENTATION_COMMENTS = YES;
				CLANG_WARN_EMPTY_BODY = YES;
				CLANG_WARN_ENUM_CONVERSION = YES;
				CLANG_WARN_INFINITE_RECURSION = YES;
				CLANG_WARN_INT_CONVERSION = YES;
				CLANG_WARN_NON_LITERAL_NULL_CONVERSION = YES;
				CLANG_WARN_OBJC_IMPLICIT_RETAIN_SELF = YES;
				CLANG_WARN_OBJC_LITERAL_CONVERSION = YES;
				CLANG_WARN_OBJC_ROOT_CLASS = YES_ERROR;
				CLANG_WARN_QUOTED_INCLUDE_IN_FRAMEWORK_HEADER = YES;
				CLANG_WARN_RANGE_LOOP_ANALYSIS = YES;
				CLANG_WARN_STRICT_PROTOTYPES = YES;
				CLANG_WARN_SUSPICIOUS_MOVE = YES;
				CLANG_WARN_UNGUARDED_AVAILABILITY = YES_AGGRESSIVE;
				CLANG_WARN_UNREACHABLE_CODE = YES;
				CLANG_WARN__DUPLICATE_METHOD_MATCH = YES;
				COPY_PHASE_STRIP = NO;
				DEBUG_INFORMATION_FORMAT = dwarf;
				ENABLE_STRICT_OBJC_MSGSEND = YES;
				ENABLE_TESTABILITY = YES;
				GCC_C_LANGUAGE_STANDARD = gnu11;
				GCC_DYNAMIC_NO_PIC = NO;
				GCC_NO_COMMON_BLOCKS = YES;
				GCC_OPTIMIZATION_LEVEL = 0;
				GCC_PREPROCESSOR_DEFINITIONS = (
					"DEBUG=1",
					"$(inherited)",
				);
				GCC_WARN_64_TO_32_BIT_CONVERSION = YES;
				GCC_WARN_ABOUT_RETURN_TYPE = YES_ERROR;
				GCC_WARN_UNDECLARED_SELECTOR = YES;
				GCC_WARN_UNINITIALIZED_AUTOS = YES_AGGRESSIVE;
				GCC_WARN_UNUSED_FUNCTION = YES;
				GCC_WARN_UNUSED_VARIABLE = YES;
				MACOSX_DEPLOYMENT_TARGET = 12.3;
				MTL_ENABLE_DEBUG_INFO = INCLUDE_SOURCE;
				MTL_FAST_MATH = YES;
				ONLY_ACTIVE_ARCH = YES;
				SDKROOT = macosx;
				SWIFT_ACTIVE_COMPILATION_CONDITIONS = DEBUG;
				SWIFT_OPTIMIZATION_LEVEL = "-Onone";
			};
			name = Debug;
		};
		459317CF2818AEE300F8BD67 /* Release */ = {
			isa = XCBuildConfiguration;
			buildSettings = {
				ALWAYS_SEARCH_USER_PATHS = NO;
				CLANG_ANALYZER_NONNULL = YES;
				CLANG_ANALYZER_NUMBER_OBJECT_CONVERSION = YES_AGGRESSIVE;
				CLANG_CXX_LANGUAGE_STANDARD = "gnu++17";
				CLANG_ENABLE_MODULES = YES;
				CLANG_ENABLE_OBJC_ARC = YES;
				CLANG_ENABLE_OBJC_WEAK = YES;
				CLANG_WARN_BLOCK_CAPTURE_AUTORELEASING = YES;
				CLANG_WARN_BOOL_CONVERSION = YES;
				CLANG_WARN_COMMA = YES;
				CLANG_WARN_CONSTANT_CONVERSION = YES;
				CLANG_WARN_DEPRECATED_OBJC_IMPLEMENTATIONS = YES;
				CLANG_WARN_DIRECT_OBJC_ISA_USAGE = YES_ERROR;
				CLANG_WARN_DOCUMENTATION_COMMENTS = YES;
				CLANG_WARN_EMPTY_BODY = YES;
				CLANG_WARN_ENUM_CONVERSION = YES;
				CLANG_WARN_INFINITE_RECURSION = YES;
				CLANG_WARN_INT_CONVERSION = YES;
				CLANG_WARN_NON_LITERAL_NULL_CONVERSION = YES;
				CLANG_WARN_OBJC_IMPLICIT_RETAIN_SELF = YES;
				CLANG_WARN_OBJC_LITERAL_CONVERSION = YES;
				CLANG_WARN_OBJC_ROOT_CLASS = YES_ERROR;
				CLANG_WARN_QUOTED_INCLUDE_IN_FRAMEWORK_HEADER = YES;
				CLANG_WARN_RANGE_LOOP_ANALYSIS = YES;
				CLANG_WARN_STRICT_PROTOTYPES = YES;
				CLANG_WARN_SUSPICIOUS_MOVE = YES;
				CLANG_WARN_UNGUARDED_AVAILABILITY = YES_AGGRESSIVE;
				CLANG_WARN_UNREACHABLE_CODE = YES;
				CLANG_WARN__DUPLICATE_METHOD_MATCH = YES;
				COPY_PHASE_STRIP = NO;
				DEBUG_INFORMATION_FORMAT = "dwarf-with-dsym";
				ENABLE_NS_ASSERTIONS = NO;
				ENABLE_STRICT_OBJC_MSGSEND = YES;
				GCC_C_LANGUAGE_STANDARD = gnu11;
				GCC_NO_COMMON_BLOCKS = YES;
				GCC_WARN_64_TO_32_BIT_CONVERSION = YES;
				GCC_WARN_ABOUT_RETURN_TYPE = YES_ERROR;
				GCC_WARN_UNDECLARED_SELECTOR = YES;
				GCC_WARN_UNINITIALIZED_AUTOS = YES_AGGRESSIVE;
				GCC_WARN_UNUSED_FUNCTION = YES;
				GCC_WARN_UNUSED_VARIABLE = YES;
				MACOSX_DEPLOYMENT_TARGET = 12.3;
				MTL_ENABLE_DEBUG_INFO = NO;
				MTL_FAST_MATH = YES;
				SDKROOT = macosx;
				SWIFT_COMPILATION_MODE = wholemodule;
				SWIFT_OPTIMIZATION_LEVEL = "-O";
			};
			name = Release;
		};
		459317D12818AEE300F8BD67 /* Debug */ = {
			isa = XCBuildConfiguration;
			buildSettings = {
				ASSETCATALOG_COMPILER_APPICON_NAME = AppIcon;
				ASSETCATALOG_COMPILER_GLOBAL_ACCENT_COLOR_NAME = AccentColor;
				ASSETCATALOG_COMPILER_INCLUDE_ALL_APPICON_ASSETS = YES;
				CODE_SIGN_ENTITLEMENTS = Klyentele/Klyentele.entitlements;
				CODE_SIGN_STYLE = Automatic;
				COMBINE_HIDPI_IMAGES = YES;
				CURRENT_PROJECT_VERSION = 1;
				DEVELOPMENT_TEAM = SW68PU263V;
				ENABLE_HARDENED_RUNTIME = YES;
				GENERATE_INFOPLIST_FILE = YES;
				INFOPLIST_KEY_LSApplicationCategoryType = "public.app-category.business";
				INFOPLIST_KEY_NSHumanReadableCopyright = "";
				INFOPLIST_KEY_NSMainStoryboardFile = Main;
				INFOPLIST_KEY_NSPrincipalClass = NSApplication;
				LD_RUNPATH_SEARCH_PATHS = (
					"$(inherited)",
					"@executable_path/../Frameworks",
				);
				MACOSX_DEPLOYMENT_TARGET = 10.15;
				MARKETING_VERSION = 1.0;
				PRODUCT_BUNDLE_IDENTIFIER = com.azura4k.Klyentele;
				PRODUCT_NAME = "$(TARGET_NAME)";
				SWIFT_EMIT_LOC_STRINGS = YES;
				SWIFT_VERSION = 5.0;
			};
			name = Debug;
		};
		459317D22818AEE300F8BD67 /* Release */ = {
			isa = XCBuildConfiguration;
			buildSettings = {
				ASSETCATALOG_COMPILER_APPICON_NAME = AppIcon;
				ASSETCATALOG_COMPILER_GLOBAL_ACCENT_COLOR_NAME = AccentColor;
				ASSETCATALOG_COMPILER_INCLUDE_ALL_APPICON_ASSETS = YES;
				CODE_SIGN_ENTITLEMENTS = Klyentele/Klyentele.entitlements;
				CODE_SIGN_STYLE = Automatic;
				COMBINE_HIDPI_IMAGES = YES;
				CURRENT_PROJECT_VERSION = 1;
				DEVELOPMENT_TEAM = SW68PU263V;
				ENABLE_HARDENED_RUNTIME = YES;
				GENERATE_INFOPLIST_FILE = YES;
				INFOPLIST_KEY_LSApplicationCategoryType = "public.app-category.business";
				INFOPLIST_KEY_NSHumanReadableCopyright = "";
				INFOPLIST_KEY_NSMainStoryboardFile = Main;
				INFOPLIST_KEY_NSPrincipalClass = NSApplication;
				LD_RUNPATH_SEARCH_PATHS = (
					"$(inherited)",
					"@executable_path/../Frameworks",
				);
				MACOSX_DEPLOYMENT_TARGET = 10.15;
				MARKETING_VERSION = 1.0;
				PRODUCT_BUNDLE_IDENTIFIER = com.azura4k.Klyentele;
				PRODUCT_NAME = "$(TARGET_NAME)";
				SWIFT_EMIT_LOC_STRINGS = YES;
				SWIFT_VERSION = 5.0;
			};
			name = Release;
		};
/* End XCBuildConfiguration section */

/* Begin XCConfigurationList section */
		459317B92818AEE200F8BD67 /* Build configuration list for PBXProject "Klyentele" */ = {
			isa = XCConfigurationList;
			buildConfigurations = (
				459317CE2818AEE300F8BD67 /* Debug */,
				459317CF2818AEE300F8BD67 /* Release */,
			);
			defaultConfigurationIsVisible = 0;
			defaultConfigurationName = Release;
		};
		459317D02818AEE300F8BD67 /* Build configuration list for PBXNativeTarget "Klyentele" */ = {
			isa = XCConfigurationList;
			buildConfigurations = (
				459317D12818AEE300F8BD67 /* Debug */,
				459317D22818AEE300F8BD67 /* Release */,
			);
			defaultConfigurationIsVisible = 0;
			defaultConfigurationName = Release;
		};
/* End XCConfigurationList section */

/* Begin XCVersionGroup section */
		45259CAF281AEC890022DD63 /* Klyentele.xcdatamodeld */ = {
			isa = XCVersionGroup;
			children = (
				45259CB0281AEC890022DD63 /* Klyentele.xcdatamodel */,
			);
			currentVersion = 45259CB0281AEC890022DD63 /* Klyentele.xcdatamodel */;
			path = Klyentele.xcdatamodeld;
			sourceTree = "<group>";
			usesTabs = 0;
			versionGroupType = wrapper.xcdatamodel;
		};
/* End XCVersionGroup section */
	};
	rootObject = 459317B62818AEE200F8BD67 /* Project object */;
}
